# THIS IS AN AUTOGENERATED FILE. DO NOT EDIT THIS FILE DIRECTLY.
# yarn lockfile v1


"@babel/polyfill@^7.2.5":
  version "7.4.4"
  resolved "https://registry.yarnpkg.com/@babel/polyfill/-/polyfill-7.4.4.tgz#78801cf3dbe657844eeabf31c1cae3828051e893"
  integrity sha512-WlthFLfhQQhh+A2Gn5NSFl0Huxz36x86Jn+E9OW7ibK8edKPq+KLy4apM1yDpQ8kJOVi1OVjpP4vSDLdrI04dg==
  dependencies:
    core-js "^2.6.5"
    regenerator-runtime "^0.13.2"

core-js@^2.6.5:
  version "2.6.9"
  resolved "https://registry.yarnpkg.com/core-js/-/core-js-2.6.9.tgz#6b4b214620c834152e179323727fc19741b084f2"
  integrity sha512-HOpZf6eXmnl7la+cUdMnLvUxKNqLUzJvgIziQ0DiF3JwSImNphIqdGqzj6hIKyX04MmV0poclQ7+wjWvxQyR2A==

"js-tokens@^3.0.0 || ^4.0.0":
  version "4.0.0"
  resolved "https://registry.yarnpkg.com/js-tokens/-/js-tokens-4.0.0.tgz#19203fb59991df98e3a287050d4647cdeaf32499"
  integrity sha512-RdJUflcE3cUzKiMqQgsCu06FPu9UdIJO0beYbPhHN4k6apgJtifcoCtT9bcxOpYBtpD2kCM6Sbzg4CausW/PKQ==

loose-envify@^1.1.0, loose-envify@^1.4.0:
  version "1.4.0"
  resolved "https://registry.yarnpkg.com/loose-envify/-/loose-envify-1.4.0.tgz#71ee51fa7be4caec1a63839f7e682d8132d30caf"
  integrity sha512-lyuxPGr/Wfhrlem2CL/UcnUc1zcqKAImBDzukY7Y5F/yQiNdko6+fRLevlw1HgMySw7f611UIY408EtxRSoK3Q==
  dependencies:
    js-tokens "^3.0.0 || ^4.0.0"

object-assign@^4.1.1:
  version "4.1.1"
  resolved "https://registry.yarnpkg.com/object-assign/-/object-assign-4.1.1.tgz#2109adc7965887cfc05cbbd442cac8bfbb360863"
  integrity sha1-IQmtx5ZYh8/AXLvUQsrIv7s2CGM=

prop-types@^15.6.2, prop-types@^15.7.2:
  version "15.7.2"
  resolved "https://registry.yarnpkg.com/prop-types/-/prop-types-15.7.2.tgz#52c41e75b8c87e72b9d9360e0206b99dcbffa6c5"
  integrity sha512-8QQikdH7//R2vurIJSutZ1smHYTcLpRWEOlHnzcWHmBYrOGUysKwSsrC89BCiFj3CbrfJ/nXFdJepOVrY1GCHQ==
  dependencies:
    loose-envify "^1.4.0"
    object-assign "^4.1.1"
    react-is "^16.8.1"

react-dom@^16.9.0:
  version "16.9.0"
  resolved "https://registry.yarnpkg.com/react-dom/-/react-dom-16.9.0.tgz#5e65527a5e26f22ae3701131bcccaee9fb0d3962"
  integrity sha512-YFT2rxO9hM70ewk9jq0y6sQk8cL02xm4+IzYBz75CQGlClQQ1Bxq0nhHF6OtSbit+AIahujJgb/CPRibFkMNJQ==
  dependencies:
    loose-envify "^1.1.0"
    object-assign "^4.1.1"
    prop-types "^15.6.2"
    scheduler "^0.15.0"

react-is@^16.8.1:
  version "16.9.0"
  resolved "https://registry.yarnpkg.com/react-is/-/react-is-16.9.0.tgz#21ca9561399aad0ff1a7701c01683e8ca981edcb"
  integrity sha512-tJBzzzIgnnRfEm046qRcURvwQnZVXmuCbscxUO5RWrGTXpon2d4c8mI0D8WE6ydVIm29JiLB6+RslkIvym9Rjw==

react-paypal-button-v2@^2.3.2:
  version "2.3.2"
  resolved "https://registry.yarnpkg.com/react-paypal-button-v2/-/react-paypal-button-v2-2.3.2.tgz#5d25a329bbbe9faf68641489d805abbdd88e5eae"
  integrity sha512-PQHsKusoew070I6qL4tpjZihpAaZdBZO2SoZ7nIhDGqRCLOng1fU9cxswpvjUWf/0TREMvtiet7kz4x38/T+vg==
  dependencies:
    "@babel/polyfill" "^7.2.5"
    prop-types "^15.7.2"

react@^16.9.0:
  version "16.9.0"
  resolved "https://registry.yarnpkg.com/react/-/react-16.9.0.tgz#40ba2f9af13bc1a38d75dbf2f4359a5185c4f7aa"
  integrity sha512-+7LQnFBwkiw+BobzOF6N//BdoNw0ouwmSJTEm9cglOOmsg/TMiFHZLe2sEoN5M7LgJTj9oHH0gxklfnQe66S1w==
  dependencies:
    loose-envify "^1.1.0"
    object-assign "^4.1.1"
    prop-types "^15.6.2"

regenerator-runtime@^0.13.2:
  version "0.13.3"
  resolved "https://registry.yarnpkg.com/regenerator-runtime/-/regenerator-runtime-0.13.3.tgz#7cf6a77d8f5c6f60eb73c5fc1955b2ceb01e6bf5"
  integrity sha512-naKIZz2GQ8JWh///G7L3X6LaQUAMp2lvb1rvwwsURe/VXwD6VMfr+/1NuNw3ag8v2kY1aQ/go5SNn79O9JU7yw==

scheduler@^0.15.0:
  version "0.15.0"
  resolved "https://registry.yarnpkg.com/scheduler/-/scheduler-0.15.0.tgz#6bfcf80ff850b280fed4aeecc6513bc0b4f17f8e"
  integrity sha512-xAefmSfN6jqAa7Kuq7LIJY0bwAPG3xlCj0HMEBQk1lxYiDKZscY2xJ5U/61ZTrYbmNQbXa+gc7czPkVo11tnCg==
  dependencies:
    loose-envify "^1.1.0"
    object-assign "^4.1.1"

yarn@^1.17.3:
  version "1.17.3"
  resolved "https://registry.yarnpkg.com/yarn/-/yarn-1.17.3.tgz#60e0b77d079eb78e753bb616f7592b51b6a9adce"
  integrity sha512-CgA8o7nRZaQvmeF/WBx2FC7f9W/0X59T2IaLYqgMo6637wfp5mMEsM3YXoJtKUspnpmDJKl/gGFhnqS+sON7hA==
